
Microsoft Visual Studio Solution File, Format Version 12.00
# Visual Studio Version 17
VisualStudioVersion = 17.5.002.0
MinimumVisualStudioVersion = 10.0.40219.1
Project("{9A19103F-16F7-4668-BE54-9A1E7A4F7556}") = "StockAPI", "StockAPI.csproj", "{D0665A40-48E7-4F50-8AE7-61F2A7152EA5}"
EndProject
Global
	GlobalSection(SolutionConfigurationPlatforms) = preSolution
		Debug|Any CPU = Debug|Any CPU
		Release|Any CPU = Release|Any CPU
	EndGlobalSection
	GlobalSection(ProjectConfigurationPlatforms) = postSolution
		{D0665A40-48E7-4F50-8AE7-61F2A7152EA5}.Debug|Any CPU.ActiveCfg = Debug|Any CPU
		{D0665A40-48E7-4F50-8AE7-61F2A7152EA5}.Debug|Any CPU.Build.0 = Debug|Any CPU
		{D0665A40-48E7-4F50-8AE7-61F2A7152EA5}.Release|Any CPU.ActiveCfg = Release|Any CPU
		{D0665A40-48E7-4F50-8AE7-61F2A7152EA5}.Release|Any CPU.Build.0 = Release|Any CPU
	EndGlobalSection
	GlobalSection(SolutionProperties) = preSolution
		HideSolutionNode = FALSE
	EndGlobalSection
	GlobalSection(ExtensibilityGlobals) = postSolution
		SolutionGuid = {5E974834-888F-422C-8F93-B889D2C801AA}
	EndGlobalSection
EndGlobal
